
Microsoft Visual Studio Solution File, Format Version 12.00
# Visual Studio Version 16
VisualStudioVersion = 16.0.29806.167
MinimumVisualStudioVersion = 10.0.40219.1
Project("{9A19103F-16F7-4668-BE54-9A1E7A4F7556}") = "WheaderRequest", "WheaderRequest.csproj", "{EB8C53C2-7F3E-42A3-940E-F5F6C4FAD17B}"
EndProject
Project("{2150E333-8FDC-42A3-9474-1A3956D46DE8}") = "Solution Items", "Solution Items", "{C1656BF0-92E0-427F-8428-3AFFC0211936}"
	ProjectSection(SolutionItems) = preProject
		.editorconfig = .editorconfig
	EndProjectSection
EndProject
Project("{FAE04EC0-301F-11D3-BF4B-00C04F79EFBC}") = "WheaderRequestMonitoring", "..\WheaderRequestMonitoring\WheaderRequestMonitoring.csproj", "{55D76372-9BB1-446F-BF6C-576ADBEFCF06}"
EndProject
Global
	GlobalSection(SolutionConfigurationPlatforms) = preSolution
		Debug|Any CPU = Debug|Any CPU
		Release|Any CPU = Release|Any CPU
	EndGlobalSection
	GlobalSection(ProjectConfigurationPlatforms) = postSolution
		{EB8C53C2-7F3E-42A3-940E-F5F6C4FAD17B}.Debug|Any CPU.ActiveCfg = Debug|Any CPU
		{EB8C53C2-7F3E-42A3-940E-F5F6C4FAD17B}.Debug|Any CPU.Build.0 = Debug|Any CPU
		{EB8C53C2-7F3E-42A3-940E-F5F6C4FAD17B}.Release|Any CPU.ActiveCfg = Release|Any CPU
		{EB8C53C2-7F3E-42A3-940E-F5F6C4FAD17B}.Release|Any CPU.Build.0 = Release|Any CPU
		{55D76372-9BB1-446F-BF6C-576ADBEFCF06}.Debug|Any CPU.ActiveCfg = Debug|Any CPU
		{55D76372-9BB1-446F-BF6C-576ADBEFCF06}.Debug|Any CPU.Build.0 = Debug|Any CPU
		{55D76372-9BB1-446F-BF6C-576ADBEFCF06}.Release|Any CPU.ActiveCfg = Release|Any CPU
		{55D76372-9BB1-446F-BF6C-576ADBEFCF06}.Release|Any CPU.Build.0 = Release|Any CPU
	EndGlobalSection
	GlobalSection(SolutionProperties) = preSolution
		HideSolutionNode = FALSE
	EndGlobalSection
	GlobalSection(ExtensibilityGlobals) = postSolution
		SolutionGuid = {7D58F79E-B01D-4F74-80C1-6A1E4F434739}
	EndGlobalSection
EndGlobal
